# This file is automatically @generated by Cargo.
# It is not intended for manual editing.
version = 4

[[package]]
name = "galley-ai"
version = "0.0.1"

[[package]]
name = "galley-compile"
version = "0.0.1"

[[package]]
name = "galley-core"
version = "0.0.1"

[[package]]
name = "galley-import"
version = "0.0.1"

[[package]]
name = "galley-intel"
version = "0.0.1"

[[package]]
name = "galley-security"
version = "0.0.1"

[[package]]
name = "galley-vcs"
version = "0.0.1"
